
Microsoft Visual Studio Solution File, Format Version 12.00
# Visual Studio Version 17
VisualStudioVersion = 17.0.31903.59
MinimumVisualStudioVersion = 10.0.40219.1
Project("{2150E333-8FDC-42A3-9474-1A3956D46DE8}") = "src", "src", "{4D4552FE-6001-44C1-9C65-9A0B4FF0F557}"
EndProject
Project("{2150E333-8FDC-42A3-9474-1A3956D46DE8}") = "test", "test", "{6D0E0E2C-AD10-401D-9150-0CD0F45867A6}"
EndProject
Project("{9A19103F-16F7-4668-BE54-9A1E7A4F7556}") = "API", "src\API\API.csproj", "{E179EFAD-C84D-424F-BCE9-28AF36F9FE22}"
EndProject
Project("{E53339B2-1760-4266-BCC7-CA923CBCF16C}") = "docker-compose", "docker-compose.dcproj", "{B2435A9C-6B88-471A-ADF5-5FC6D3F2A869}"
EndProject
Project("{9A19103F-16F7-4668-BE54-9A1E7A4F7556}") = "Infrastructure", "src\Infrastructure\Infrastructure.csproj", "{70B81ED2-BCB5-4071-A504-F1F4795B9477}"
EndProject
Project("{9A19103F-16F7-4668-BE54-9A1E7A4F7556}") = "Application", "src\Application\Application.csproj", "{2B3924C5-B22C-4F74-87D2-C42217E86580}"
EndProject
Project("{9A19103F-16F7-4668-BE54-9A1E7A4F7556}") = "Domain", "src\Domain\Domain.csproj", "{2EA2BDC9-D86D-489C-89C9-504338805536}"
EndProject
Project("{2150E333-8FDC-42A3-9474-1A3956D46DE8}") = "nugets", "nugets", "{5A8CE4C4-4C37-4E36-8119-D66CB022A7AD}"
EndProject
Project("{9A19103F-16F7-4668-BE54-9A1E7A4F7556}") = "ROP", "nugets\ROP\ROP.csproj", "{39C969F7-D237-41A7-B61D-E681217D86F1}"
EndProject
Project("{9A19103F-16F7-4668-BE54-9A1E7A4F7556}") = "Mediator.Application", "nugets\Mediator.Application\Mediator.Application.csproj", "{7E3B7A6E-434B-459A-A1FE-A5C0C48E07E3}"
EndProject
Project("{9A19103F-16F7-4668-BE54-9A1E7A4F7556}") = "Mediator.Domain", "nugets\Mediator.Domain\Mediator.Domain.csproj", "{AB0827BA-9A6C-4ABB-8020-A7FB47130002}"
EndProject
Project("{9A19103F-16F7-4668-BE54-9A1E7A4F7556}") = "Application.UnitTests", "test\Application.UnitTests\Application.UnitTests.csproj", "{D6D61BCC-1865-438A-9122-DC4CAA105E5F}"
EndProject
Project("{9A19103F-16F7-4668-BE54-9A1E7A4F7556}") = "Domain.UnitTests", "test\Domain.UnitTests\Domain.UnitTests.csproj", "{0A1DBA00-1C8C-43B6-9673-2067A366978F}"
EndProject
Project("{9A19103F-16F7-4668-BE54-9A1E7A4F7556}") = "ArchitectureTests", "test\ArchitectureTests\ArchitectureTests.csproj", "{516BBA75-B348-4111-8248-73153FF24CDA}"
EndProject
Project("{9A19103F-16F7-4668-BE54-9A1E7A4F7556}") = "API.IntegrationTests", "test\API.IntegrationTests\API.IntegrationTests.csproj", "{BBC90552-BF26-4B27-A27F-ADC674F655A5}"
EndProject
Project("{FAE04EC0-301F-11D3-BF4B-00C04F79EFBC}") = "Primitives", "nugets\Primitives\Primitives.csproj", "{94FB9A71-6EB4-4C4F-8B08-A7701FFB5685}"
EndProject
Global
	GlobalSection(SolutionConfigurationPlatforms) = preSolution
		Debug|Any CPU = Debug|Any CPU
		Release|Any CPU = Release|Any CPU
	EndGlobalSection
	GlobalSection(ProjectConfigurationPlatforms) = postSolution
		{E179EFAD-C84D-424F-BCE9-28AF36F9FE22}.Debug|Any CPU.ActiveCfg = Debug|Any CPU
		{E179EFAD-C84D-424F-BCE9-28AF36F9FE22}.Debug|Any CPU.Build.0 = Debug|Any CPU
		{E179EFAD-C84D-424F-BCE9-28AF36F9FE22}.Release|Any CPU.ActiveCfg = Release|Any CPU
		{E179EFAD-C84D-424F-BCE9-28AF36F9FE22}.Release|Any CPU.Build.0 = Release|Any CPU
		{B2435A9C-6B88-471A-ADF5-5FC6D3F2A869}.Debug|Any CPU.ActiveCfg = Debug|Any CPU
		{B2435A9C-6B88-471A-ADF5-5FC6D3F2A869}.Debug|Any CPU.Build.0 = Debug|Any CPU
		{B2435A9C-6B88-471A-ADF5-5FC6D3F2A869}.Release|Any CPU.ActiveCfg = Release|Any CPU
		{B2435A9C-6B88-471A-ADF5-5FC6D3F2A869}.Release|Any CPU.Build.0 = Release|Any CPU
		{70B81ED2-BCB5-4071-A504-F1F4795B9477}.Debug|Any CPU.ActiveCfg = Debug|Any CPU
		{70B81ED2-BCB5-4071-A504-F1F4795B9477}.Debug|Any CPU.Build.0 = Debug|Any CPU
		{70B81ED2-BCB5-4071-A504-F1F4795B9477}.Release|Any CPU.ActiveCfg = Release|Any CPU
		{70B81ED2-BCB5-4071-A504-F1F4795B9477}.Release|Any CPU.Build.0 = Release|Any CPU
		{2B3924C5-B22C-4F74-87D2-C42217E86580}.Debug|Any CPU.ActiveCfg = Debug|Any CPU
		{2B3924C5-B22C-4F74-87D2-C42217E86580}.Debug|Any CPU.Build.0 = Debug|Any CPU
		{2B3924C5-B22C-4F74-87D2-C42217E86580}.Release|Any CPU.ActiveCfg = Release|Any CPU
		{2B3924C5-B22C-4F74-87D2-C42217E86580}.Release|Any CPU.Build.0 = Release|Any CPU
		{2EA2BDC9-D86D-489C-89C9-504338805536}.Debug|Any CPU.ActiveCfg = Debug|Any CPU
		{2EA2BDC9-D86D-489C-89C9-504338805536}.Debug|Any CPU.Build.0 = Debug|Any CPU
		{2EA2BDC9-D86D-489C-89C9-504338805536}.Release|Any CPU.ActiveCfg = Release|Any CPU
		{2EA2BDC9-D86D-489C-89C9-504338805536}.Release|Any CPU.Build.0 = Release|Any CPU
		{39C969F7-D237-41A7-B61D-E681217D86F1}.Debug|Any CPU.ActiveCfg = Debug|Any CPU
		{39C969F7-D237-41A7-B61D-E681217D86F1}.Debug|Any CPU.Build.0 = Debug|Any CPU
		{39C969F7-D237-41A7-B61D-E681217D86F1}.Release|Any CPU.ActiveCfg = Release|Any CPU
		{39C969F7-D237-41A7-B61D-E681217D86F1}.Release|Any CPU.Build.0 = Release|Any CPU
		{7E3B7A6E-434B-459A-A1FE-A5C0C48E07E3}.Debug|Any CPU.ActiveCfg = Debug|Any CPU
		{7E3B7A6E-434B-459A-A1FE-A5C0C48E07E3}.Debug|Any CPU.Build.0 = Debug|Any CPU
		{7E3B7A6E-434B-459A-A1FE-A5C0C48E07E3}.Release|Any CPU.ActiveCfg = Release|Any CPU
		{7E3B7A6E-434B-459A-A1FE-A5C0C48E07E3}.Release|Any CPU.Build.0 = Release|Any CPU
		{AB0827BA-9A6C-4ABB-8020-A7FB47130002}.Debug|Any CPU.ActiveCfg = Debug|Any CPU
		{AB0827BA-9A6C-4ABB-8020-A7FB47130002}.Debug|Any CPU.Build.0 = Debug|Any CPU
		{AB0827BA-9A6C-4ABB-8020-A7FB47130002}.Release|Any CPU.ActiveCfg = Release|Any CPU
		{AB0827BA-9A6C-4ABB-8020-A7FB47130002}.Release|Any CPU.Build.0 = Release|Any CPU
		{D6D61BCC-1865-438A-9122-DC4CAA105E5F}.Debug|Any CPU.ActiveCfg = Debug|Any CPU
		{D6D61BCC-1865-438A-9122-DC4CAA105E5F}.Debug|Any CPU.Build.0 = Debug|Any CPU
		{D6D61BCC-1865-438A-9122-DC4CAA105E5F}.Release|Any CPU.ActiveCfg = Release|Any CPU
		{D6D61BCC-1865-438A-9122-DC4CAA105E5F}.Release|Any CPU.Build.0 = Release|Any CPU
		{0A1DBA00-1C8C-43B6-9673-2067A366978F}.Debug|Any CPU.ActiveCfg = Debug|Any CPU
		{0A1DBA00-1C8C-43B6-9673-2067A366978F}.Debug|Any CPU.Build.0 = Debug|Any CPU
		{0A1DBA00-1C8C-43B6-9673-2067A366978F}.Release|Any CPU.ActiveCfg = Release|Any CPU
		{0A1DBA00-1C8C-43B6-9673-2067A366978F}.Release|Any CPU.Build.0 = Release|Any CPU
		{516BBA75-B348-4111-8248-73153FF24CDA}.Debug|Any CPU.ActiveCfg = Debug|Any CPU
		{516BBA75-B348-4111-8248-73153FF24CDA}.Debug|Any CPU.Build.0 = Debug|Any CPU
		{516BBA75-B348-4111-8248-73153FF24CDA}.Release|Any CPU.ActiveCfg = Release|Any CPU
		{516BBA75-B348-4111-8248-73153FF24CDA}.Release|Any CPU.Build.0 = Release|Any CPU
		{BBC90552-BF26-4B27-A27F-ADC674F655A5}.Debug|Any CPU.ActiveCfg = Debug|Any CPU
		{BBC90552-BF26-4B27-A27F-ADC674F655A5}.Debug|Any CPU.Build.0 = Debug|Any CPU
		{BBC90552-BF26-4B27-A27F-ADC674F655A5}.Release|Any CPU.ActiveCfg = Release|Any CPU
		{BBC90552-BF26-4B27-A27F-ADC674F655A5}.Release|Any CPU.Build.0 = Release|Any CPU
		{94FB9A71-6EB4-4C4F-8B08-A7701FFB5685}.Debug|Any CPU.ActiveCfg = Debug|Any CPU
		{94FB9A71-6EB4-4C4F-8B08-A7701FFB5685}.Debug|Any CPU.Build.0 = Debug|Any CPU
		{94FB9A71-6EB4-4C4F-8B08-A7701FFB5685}.Release|Any CPU.ActiveCfg = Release|Any CPU
		{94FB9A71-6EB4-4C4F-8B08-A7701FFB5685}.Release|Any CPU.Build.0 = Release|Any CPU
	EndGlobalSection
	GlobalSection(SolutionProperties) = preSolution
		HideSolutionNode = FALSE
	EndGlobalSection
	GlobalSection(NestedProjects) = preSolution
		{E179EFAD-C84D-424F-BCE9-28AF36F9FE22} = {4D4552FE-6001-44C1-9C65-9A0B4FF0F557}
		{70B81ED2-BCB5-4071-A504-F1F4795B9477} = {4D4552FE-6001-44C1-9C65-9A0B4FF0F557}
		{2B3924C5-B22C-4F74-87D2-C42217E86580} = {4D4552FE-6001-44C1-9C65-9A0B4FF0F557}
		{2EA2BDC9-D86D-489C-89C9-504338805536} = {4D4552FE-6001-44C1-9C65-9A0B4FF0F557}
		{39C969F7-D237-41A7-B61D-E681217D86F1} = {5A8CE4C4-4C37-4E36-8119-D66CB022A7AD}
		{7E3B7A6E-434B-459A-A1FE-A5C0C48E07E3} = {5A8CE4C4-4C37-4E36-8119-D66CB022A7AD}
		{AB0827BA-9A6C-4ABB-8020-A7FB47130002} = {5A8CE4C4-4C37-4E36-8119-D66CB022A7AD}
		{D6D61BCC-1865-438A-9122-DC4CAA105E5F} = {6D0E0E2C-AD10-401D-9150-0CD0F45867A6}
		{0A1DBA00-1C8C-43B6-9673-2067A366978F} = {6D0E0E2C-AD10-401D-9150-0CD0F45867A6}
		{516BBA75-B348-4111-8248-73153FF24CDA} = {6D0E0E2C-AD10-401D-9150-0CD0F45867A6}
		{BBC90552-BF26-4B27-A27F-ADC674F655A5} = {6D0E0E2C-AD10-401D-9150-0CD0F45867A6}
		{94FB9A71-6EB4-4C4F-8B08-A7701FFB5685} = {5A8CE4C4-4C37-4E36-8119-D66CB022A7AD}
	EndGlobalSection
	GlobalSection(ExtensibilityGlobals) = postSolution
		SolutionGuid = {19D65A95-0EBC-43A2-AF3E-3D3B45355922}
	EndGlobalSection
EndGlobal
